// !$*UTF8*$!
{
	archiveVersion = 1;
	classes = {
	};
	objectVersion = 56;
	objects = {

/* Begin PBXBuildFile section */
		0D20A0292BC6CA9D00899274 /* ImmersiveTerrariumView.swift in Sources */ = {isa = PBXBuildFile; fileRef = 0D20A0282BC6CA9D00899274 /* ImmersiveTerrariumView.swift */; };
		0D54D1592BC567B100B84E78 /* WaterView.swift in Sources */ = {isa = PBXBuildFile; fileRef = 0D54D1582BC567B100B84E78 /* WaterView.swift */; };
		0D9A6AB52BD6359500CC6BF3 /* TerrariumObjectView.swift in Sources */ = {isa = PBXBuildFile; fileRef = 0D9A6AB42BD6359500CC6BF3 /* TerrariumObjectView.swift */; };
		3B30D1752BE0E92E00A030C0 /* DiarySoundEffect.wav in Resources */ = {isa = PBXBuildFile; fileRef = 3B30D1742BE0E92E00A030C0 /* DiarySoundEffect.wav */; };
		3B57A7D92BD75D4800ABAEFD /* ImmersiveDiaryView.swift in Sources */ = {isa = PBXBuildFile; fileRef = 3B57A7D82BD75D4800ABAEFD /* ImmersiveDiaryView.swift */; };
		3B57A7DB2BD75D5B00ABAEFD /* TerrariumView.swift in Sources */ = {isa = PBXBuildFile; fileRef = 3B57A7DA2BD75D5B00ABAEFD /* TerrariumView.swift */; };
		3B99F0232BB43A4900322E0E /* RealityKitContent in Frameworks */ = {isa = PBXBuildFile; productRef = 3B99F0222BB43A4900322E0E /* RealityKitContent */; };
		3B99F0252BB43A4900322E0E /* Garden_Of_MemoryApp.swift in Sources */ = {isa = PBXBuildFile; fileRef = 3B99F0242BB43A4900322E0E /* Garden_Of_MemoryApp.swift */; };
		3B99F0272BB43A4900322E0E /* ContentView.swift in Sources */ = {isa = PBXBuildFile; fileRef = 3B99F0262BB43A4900322E0E /* ContentView.swift */; };
		3B99F02B2BB43A4900322E0E /* ImageBasedLighting.skybox in Resources */ = {isa = PBXBuildFile; fileRef = 3B99F02A2BB43A4900322E0E /* ImageBasedLighting.skybox */; };
		3B99F02D2BB43A4B00322E0E /* Assets.xcassets in Resources */ = {isa = PBXBuildFile; fileRef = 3B99F02C2BB43A4B00322E0E /* Assets.xcassets */; };
		3B99F0302BB43A4B00322E0E /* Preview Assets.xcassets in Resources */ = {isa = PBXBuildFile; fileRef = 3B99F02F2BB43A4B00322E0E /* Preview Assets.xcassets */; };
		657E31C42BE9E8440000E6A6 /* EmotionScaleRetrieval.swift in Sources */ = {isa = PBXBuildFile; fileRef = 657E31C32BE9E8440000E6A6 /* EmotionScaleRetrieval.swift */; };
		657E31C62BE9F4D90000E6A6 /* ConversationTagsRetrieval.swift in Sources */ = {isa = PBXBuildFile; fileRef = 657E31C52BE9F4D90000E6A6 /* ConversationTagsRetrieval.swift */; };
		6593EF762BC6625E00CF644C /* SpeechRecognizer.swift in Sources */ = {isa = PBXBuildFile; fileRef = 6593EF752BC6625E00CF644C /* SpeechRecognizer.swift */; };
		6593EF782BC663FE00CF644C /* ConversationManager.swift in Sources */ = {isa = PBXBuildFile; fileRef = 6593EF772BC663FE00CF644C /* ConversationManager.swift */; };
		65E4F98D2BC6B32E00CECC11 /* OpenAIService.swift in Sources */ = {isa = PBXBuildFile; fileRef = 65E4F98C2BC6B32E00CECC11 /* OpenAIService.swift */; };
		65E4F98F2BC6B66500CECC11 /* Secrets.swift in Sources */ = {isa = PBXBuildFile; fileRef = 65E4F98E2BC6B66500CECC11 /* Secrets.swift */; };
		65E4F9932BC72EAF00CECC11 /* GlobalVariables.swift in Sources */ = {isa = PBXBuildFile; fileRef = 65E4F9922BC72EAF00CECC11 /* GlobalVariables.swift */; };
		FC33B0B82BBB8977002D4DF8 /* Avatar.swift in Sources */ = {isa = PBXBuildFile; fileRef = FC33B0B72BBB8977002D4DF8 /* Avatar.swift */; };
		FC33B0BD2BBB8B66002D4DF8 /* ChatEntry.swift in Sources */ = {isa = PBXBuildFile; fileRef = FC33B0BC2BBB8B66002D4DF8 /* ChatEntry.swift */; };
		FC33B0BF2BBB8F47002D4DF8 /* ListConversationView.swift in Sources */ = {isa = PBXBuildFile; fileRef = FC33B0BE2BBB8F47002D4DF8 /* ListConversationView.swift */; };
		FC33B0C12BBB8FBC002D4DF8 /* ConversationView.swift in Sources */ = {isa = PBXBuildFile; fileRef = FC33B0C02BBB8FBC002D4DF8 /* ConversationView.swift */; };
		FC33B0C32BBB90A8002D4DF8 /* TestInsertDummyView.swift in Sources */ = {isa = PBXBuildFile; fileRef = FC33B0C22BBB90A8002D4DF8 /* TestInsertDummyView.swift */; };
		FC33B0C52BBB9863002D4DF8 /* PreviewContainer.swift in Sources */ = {isa = PBXBuildFile; fileRef = FC33B0C42BBB9863002D4DF8 /* PreviewContainer.swift */; };
		FC6ED9A32BC792E1006B2363 /* CatImmersiveView.swift in Sources */ = {isa = PBXBuildFile; fileRef = FC6ED9A22BC792E1006B2363 /* CatImmersiveView.swift */; };
		FCDBE2202BD3B2C800E00301 /* SwiftSpeechCombine in Frameworks */ = {isa = PBXBuildFile; productRef = FCDBE21F2BD3B2C800E00301 /* SwiftSpeechCombine */; };
		FCDBE2222BD3B2C800E00301 /* SwiftSpeechRecognizer in Frameworks */ = {isa = PBXBuildFile; productRef = FCDBE2212BD3B2C800E00301 /* SwiftSpeechRecognizer */; };
		FCDBE2242BD3B2C800E00301 /* SwiftSpeechRecognizerDependency in Frameworks */ = {isa = PBXBuildFile; productRef = FCDBE2232BD3B2C800E00301 /* SwiftSpeechRecognizerDependency */; };
		FCDBE2272BD3B2D400E00301 /* OpenAIKit in Frameworks */ = {isa = PBXBuildFile; productRef = FCDBE2262BD3B2D400E00301 /* OpenAIKit */; };
		FCDBE2292BD3B30600E00301 /* SimpleSpeechRecognizer.swift in Sources */ = {isa = PBXBuildFile; fileRef = FCDBE2282BD3B30600E00301 /* SimpleSpeechRecognizer.swift */; };
		FCDBE22B2BD3B35A00E00301 /* SpeechRecognizerViewModel.swift in Sources */ = {isa = PBXBuildFile; fileRef = FCDBE22A2BD3B35A00E00301 /* SpeechRecognizerViewModel.swift */; };
		FCDBE22D2BD3B38000E00301 /* ViewModel.swift in Sources */ = {isa = PBXBuildFile; fileRef = FCDBE22C2BD3B38000E00301 /* ViewModel.swift */; };
		FCDBE2322BD3B39300E00301 /* APIKey.swift in Sources */ = {isa = PBXBuildFile; fileRef = FCDBE22E2BD3B39300E00301 /* APIKey.swift */; };
		FCDBE2332BD3B39300E00301 /* GenerativeAI-Info.plist in Resources */ = {isa = PBXBuildFile; fileRef = FCDBE22F2BD3B39300E00301 /* GenerativeAI-Info.plist */; };
		FCDBE2342BD3B39300E00301 /* OpenAI-Info.plist in Resources */ = {isa = PBXBuildFile; fileRef = FCDBE2302BD3B39300E00301 /* OpenAI-Info.plist */; };
		FCDBE2372BD3B4DF00E00301 /* GoogleGenerativeAI in Frameworks */ = {isa = PBXBuildFile; productRef = FCDBE2362BD3B4DF00E00301 /* GoogleGenerativeAI */; };
		FCDE671B2BD3D9B300AB2492 /* prompt.swift in Sources */ = {isa = PBXBuildFile; fileRef = FCDE671A2BD3D9B300AB2492 /* prompt.swift */; };
/* End PBXBuildFile section */

/* Begin PBXFileReference section */
		0D20A0282BC6CA9D00899274 /* ImmersiveTerrariumView.swift */ = {isa = PBXFileReference; lastKnownFileType = sourcecode.swift; path = ImmersiveTerrariumView.swift; sourceTree = "<group>"; };
		0D54D1582BC567B100B84E78 /* WaterView.swift */ = {isa = PBXFileReference; lastKnownFileType = sourcecode.swift; path = WaterView.swift; sourceTree = "<group>"; };
		0D9A6AB42BD6359500CC6BF3 /* TerrariumObjectView.swift */ = {isa = PBXFileReference; lastKnownFileType = sourcecode.swift; path = TerrariumObjectView.swift; sourceTree = "<group>"; };
		3B30D1742BE0E92E00A030C0 /* DiarySoundEffect.wav */ = {isa = PBXFileReference; lastKnownFileType = audio.wav; path = DiarySoundEffect.wav; sourceTree = "<group>"; };
		3B57A7D82BD75D4800ABAEFD /* ImmersiveDiaryView.swift */ = {isa = PBXFileReference; lastKnownFileType = sourcecode.swift; path = ImmersiveDiaryView.swift; sourceTree = "<group>"; };
		3B57A7DA2BD75D5B00ABAEFD /* TerrariumView.swift */ = {isa = PBXFileReference; lastKnownFileType = sourcecode.swift; path = TerrariumView.swift; sourceTree = "<group>"; };
		3B99F01D2BB43A4900322E0E /* Garden_Of_Memory.app */ = {isa = PBXFileReference; explicitFileType = wrapper.application; includeInIndex = 0; path = Garden_Of_Memory.app; sourceTree = BUILT_PRODUCTS_DIR; };
		3B99F0212BB43A4900322E0E /* RealityKitContent */ = {isa = PBXFileReference; lastKnownFileType = wrapper; path = RealityKitContent; sourceTree = "<group>"; };
		3B99F0242BB43A4900322E0E /* Garden_Of_MemoryApp.swift */ = {isa = PBXFileReference; lastKnownFileType = sourcecode.swift; path = Garden_Of_MemoryApp.swift; sourceTree = "<group>"; };
		3B99F0262BB43A4900322E0E /* ContentView.swift */ = {isa = PBXFileReference; lastKnownFileType = sourcecode.swift; path = ContentView.swift; sourceTree = "<group>"; };
		3B99F02A2BB43A4900322E0E /* ImageBasedLighting.skybox */ = {isa = PBXFileReference; lastKnownFileType = file.skybox; path = ImageBasedLighting.skybox; sourceTree = "<group>"; };
		3B99F02C2BB43A4B00322E0E /* Assets.xcassets */ = {isa = PBXFileReference; lastKnownFileType = folder.assetcatalog; path = Assets.xcassets; sourceTree = "<group>"; };
		3B99F02F2BB43A4B00322E0E /* Preview Assets.xcassets */ = {isa = PBXFileReference; lastKnownFileType = folder.assetcatalog; path = "Preview Assets.xcassets"; sourceTree = "<group>"; };
		3B99F0312BB43A4B00322E0E /* Info.plist */ = {isa = PBXFileReference; lastKnownFileType = text.plist.xml; path = Info.plist; sourceTree = "<group>"; };
		657E31C32BE9E8440000E6A6 /* EmotionScaleRetrieval.swift */ = {isa = PBXFileReference; lastKnownFileType = sourcecode.swift; path = EmotionScaleRetrieval.swift; sourceTree = "<group>"; };
		657E31C52BE9F4D90000E6A6 /* ConversationTagsRetrieval.swift */ = {isa = PBXFileReference; lastKnownFileType = sourcecode.swift; path = ConversationTagsRetrieval.swift; sourceTree = "<group>"; };
		6593EF752BC6625E00CF644C /* SpeechRecognizer.swift */ = {isa = PBXFileReference; lastKnownFileType = sourcecode.swift; path = SpeechRecognizer.swift; sourceTree = "<group>"; };
		6593EF772BC663FE00CF644C /* ConversationManager.swift */ = {isa = PBXFileReference; lastKnownFileType = sourcecode.swift; path = ConversationManager.swift; sourceTree = "<group>"; };
		65E4F98C2BC6B32E00CECC11 /* OpenAIService.swift */ = {isa = PBXFileReference; lastKnownFileType = sourcecode.swift; path = OpenAIService.swift; sourceTree = "<group>"; };
		65E4F98E2BC6B66500CECC11 /* Secrets.swift */ = {isa = PBXFileReference; lastKnownFileType = sourcecode.swift; path = Secrets.swift; sourceTree = "<group>"; };
		65E4F9922BC72EAF00CECC11 /* GlobalVariables.swift */ = {isa = PBXFileReference; lastKnownFileType = sourcecode.swift; path = GlobalVariables.swift; sourceTree = "<group>"; };
		FC33B0B72BBB8977002D4DF8 /* Avatar.swift */ = {isa = PBXFileReference; lastKnownFileType = sourcecode.swift; path = Avatar.swift; sourceTree = "<group>"; };
		FC33B0BC2BBB8B66002D4DF8 /* ChatEntry.swift */ = {isa = PBXFileReference; lastKnownFileType = sourcecode.swift; path = ChatEntry.swift; sourceTree = "<group>"; };
		FC33B0BE2BBB8F47002D4DF8 /* ListConversationView.swift */ = {isa = PBXFileReference; lastKnownFileType = sourcecode.swift; path = ListConversationView.swift; sourceTree = "<group>"; };
		FC33B0C02BBB8FBC002D4DF8 /* ConversationView.swift */ = {isa = PBXFileReference; lastKnownFileType = sourcecode.swift; path = ConversationView.swift; sourceTree = "<group>"; };
		FC33B0C22BBB90A8002D4DF8 /* TestInsertDummyView.swift */ = {isa = PBXFileReference; lastKnownFileType = sourcecode.swift; path = TestInsertDummyView.swift; sourceTree = "<group>"; };
		FC33B0C42BBB9863002D4DF8 /* PreviewContainer.swift */ = {isa = PBXFileReference; lastKnownFileType = sourcecode.swift; path = PreviewContainer.swift; sourceTree = "<group>"; };
		FC6ED9A22BC792E1006B2363 /* CatImmersiveView.swift */ = {isa = PBXFileReference; fileEncoding = 4; lastKnownFileType = sourcecode.swift; path = CatImmersiveView.swift; sourceTree = "<group>"; };
		FCDBE2282BD3B30600E00301 /* SimpleSpeechRecognizer.swift */ = {isa = PBXFileReference; fileEncoding = 4; lastKnownFileType = sourcecode.swift; path = SimpleSpeechRecognizer.swift; sourceTree = "<group>"; };
		FCDBE22A2BD3B35A00E00301 /* SpeechRecognizerViewModel.swift */ = {isa = PBXFileReference; fileEncoding = 4; lastKnownFileType = sourcecode.swift; path = SpeechRecognizerViewModel.swift; sourceTree = "<group>"; };
		FCDBE22C2BD3B38000E00301 /* ViewModel.swift */ = {isa = PBXFileReference; fileEncoding = 4; lastKnownFileType = sourcecode.swift; path = ViewModel.swift; sourceTree = "<group>"; };
		FCDBE22E2BD3B39300E00301 /* APIKey.swift */ = {isa = PBXFileReference; fileEncoding = 4; lastKnownFileType = sourcecode.swift; path = APIKey.swift; sourceTree = "<group>"; };
		FCDBE22F2BD3B39300E00301 /* GenerativeAI-Info.plist */ = {isa = PBXFileReference; fileEncoding = 4; lastKnownFileType = text.plist.xml; path = "GenerativeAI-Info.plist"; sourceTree = "<group>"; };
		FCDBE2302BD3B39300E00301 /* OpenAI-Info.plist */ = {isa = PBXFileReference; fileEncoding = 4; lastKnownFileType = text.plist.xml; path = "OpenAI-Info.plist"; sourceTree = "<group>"; };
		FCDE671A2BD3D9B300AB2492 /* prompt.swift */ = {isa = PBXFileReference; lastKnownFileType = sourcecode.swift; path = prompt.swift; sourceTree = "<group>"; };
/* End PBXFileReference section */

/* Begin PBXFrameworksBuildPhase section */
		3B99F01A2BB43A4900322E0E /* Frameworks */ = {
			isa = PBXFrameworksBuildPhase;
			buildActionMask = 2147483647;
			files = (
				FCDBE2202BD3B2C800E00301 /* SwiftSpeechCombine in Frameworks */,
				3B99F0232BB43A4900322E0E /* RealityKitContent in Frameworks */,
				FCDBE2272BD3B2D400E00301 /* OpenAIKit in Frameworks */,
				FCDBE2372BD3B4DF00E00301 /* GoogleGenerativeAI in Frameworks */,
				FCDBE2222BD3B2C800E00301 /* SwiftSpeechRecognizer in Frameworks */,
				FCDBE2242BD3B2C800E00301 /* SwiftSpeechRecognizerDependency in Frameworks */,
			);
			runOnlyForDeploymentPostprocessing = 0;
		};
/* End PBXFrameworksBuildPhase section */

/* Begin PBXGroup section */
		3B30D16F2BE0E64300A030C0 /* SoundEffects */ = {
			isa = PBXGroup;
			children = (
				3B30D1742BE0E92E00A030C0 /* DiarySoundEffect.wav */,
			);
			path = SoundEffects;
			sourceTree = "<group>";
		};
		3B99F0142BB43A4900322E0E = {
			isa = PBXGroup;
			children = (
				3B99F01F2BB43A4900322E0E /* Garden_Of_Memory */,
				3B99F0202BB43A4900322E0E /* Packages */,
				3B99F01E2BB43A4900322E0E /* Products */,
			);
			sourceTree = "<group>";
		};
		3B99F01E2BB43A4900322E0E /* Products */ = {
			isa = PBXGroup;
			children = (
				3B99F01D2BB43A4900322E0E /* Garden_Of_Memory.app */,
			);
			name = Products;
			sourceTree = "<group>";
		};
		3B99F01F2BB43A4900322E0E /* Garden_Of_Memory */ = {
			isa = PBXGroup;
			children = (
				3B99F0242BB43A4900322E0E /* Garden_Of_MemoryApp.swift */,
				3B99F0262BB43A4900322E0E /* ContentView.swift */,
				FCDBE2192BD3B09100E00301 /* ImmersiveView */,
				FCDBE21A2BD3B0A400E00301 /* TestView */,
				FCDBE21B2BD3B18500E00301 /* ServiceModel */,
				FC33B0B92BBB89F1002D4DF8 /* DataModel */,
				3B30D16F2BE0E64300A030C0 /* SoundEffects */,
				3B99F02A2BB43A4900322E0E /* ImageBasedLighting.skybox */,
				3B99F02C2BB43A4B00322E0E /* Assets.xcassets */,
				FCDBE2312BD3B39300E00301 /* Keys */,
				3B99F0312BB43A4B00322E0E /* Info.plist */,
				3B99F02E2BB43A4B00322E0E /* Preview Content */,
			);
			path = Garden_Of_Memory;
			sourceTree = "<group>";
		};
		3B99F0202BB43A4900322E0E /* Packages */ = {
			isa = PBXGroup;
			children = (
				3B99F0212BB43A4900322E0E /* RealityKitContent */,
			);
			path = Packages;
			sourceTree = "<group>";
		};
		3B99F02E2BB43A4B00322E0E /* Preview Content */ = {
			isa = PBXGroup;
			children = (
				3B99F02F2BB43A4B00322E0E /* Preview Assets.xcassets */,
			);
			path = "Preview Content";
			sourceTree = "<group>";
		};
		FC33B0B92BBB89F1002D4DF8 /* DataModel */ = {
			isa = PBXGroup;
			children = (
				FCDBE22C2BD3B38000E00301 /* ViewModel.swift */,
				FCDE671A2BD3D9B300AB2492 /* prompt.swift */,
				FC33B0B72BBB8977002D4DF8 /* Avatar.swift */,
				FC33B0BC2BBB8B66002D4DF8 /* ChatEntry.swift */,
				FC33B0C42BBB9863002D4DF8 /* PreviewContainer.swift */,
			);
			path = DataModel;
			sourceTree = "<group>";
		};
		FCDBE2192BD3B09100E00301 /* ImmersiveView */ = {
			isa = PBXGroup;
			children = (
				0D54D1582BC567B100B84E78 /* WaterView.swift */,
				0D20A0282BC6CA9D00899274 /* ImmersiveTerrariumView.swift */,
				FC6ED9A22BC792E1006B2363 /* CatImmersiveView.swift */,
				3B57A7D82BD75D4800ABAEFD /* ImmersiveDiaryView.swift */,
				3B57A7DA2BD75D5B00ABAEFD /* TerrariumView.swift */,
			);
			path = ImmersiveView;
			sourceTree = "<group>";
		};
		FCDBE21A2BD3B0A400E00301 /* TestView */ = {
			isa = PBXGroup;
			children = (
				FC33B0BE2BBB8F47002D4DF8 /* ListConversationView.swift */,
				FC33B0C02BBB8FBC002D4DF8 /* ConversationView.swift */,
				FC33B0C22BBB90A8002D4DF8 /* TestInsertDummyView.swift */,
				0D9A6AB42BD6359500CC6BF3 /* TerrariumObjectView.swift */,
			);
			path = TestView;
			sourceTree = "<group>";
		};
		FCDBE21B2BD3B18500E00301 /* ServiceModel */ = {
			isa = PBXGroup;
			children = (
				FCDBE22A2BD3B35A00E00301 /* SpeechRecognizerViewModel.swift */,
				FCDBE2282BD3B30600E00301 /* SimpleSpeechRecognizer.swift */,
				65E4F9922BC72EAF00CECC11 /* GlobalVariables.swift */,
				6593EF752BC6625E00CF644C /* SpeechRecognizer.swift */,
				6593EF772BC663FE00CF644C /* ConversationManager.swift */,
				65E4F98C2BC6B32E00CECC11 /* OpenAIService.swift */,
				65E4F98E2BC6B66500CECC11 /* Secrets.swift */,
				657E31C32BE9E8440000E6A6 /* EmotionScaleRetrieval.swift */,
				657E31C52BE9F4D90000E6A6 /* ConversationTagsRetrieval.swift */,
			);
			path = ServiceModel;
			sourceTree = "<group>";
		};
		FCDBE2312BD3B39300E00301 /* Keys */ = {
			isa = PBXGroup;
			children = (
				FCDBE22E2BD3B39300E00301 /* APIKey.swift */,
				FCDBE22F2BD3B39300E00301 /* GenerativeAI-Info.plist */,
				FCDBE2302BD3B39300E00301 /* OpenAI-Info.plist */,
			);
			path = Keys;
			sourceTree = "<group>";
		};
/* End PBXGroup section */

/* Begin PBXNativeTarget section */
		3B99F01C2BB43A4900322E0E /* Garden_Of_Memory */ = {
			isa = PBXNativeTarget;
			buildConfigurationList = 3B99F0342BB43A4B00322E0E /* Build configuration list for PBXNativeTarget "Garden_Of_Memory" */;
			buildPhases = (
				3B99F0192BB43A4900322E0E /* Sources */,
				3B99F01A2BB43A4900322E0E /* Frameworks */,
				3B99F01B2BB43A4900322E0E /* Resources */,
			);
			buildRules = (
			);
			dependencies = (
			);
			name = Garden_Of_Memory;
			packageProductDependencies = (
				3B99F0222BB43A4900322E0E /* RealityKitContent */,
				FCDBE21F2BD3B2C800E00301 /* SwiftSpeechCombine */,
				FCDBE2212BD3B2C800E00301 /* SwiftSpeechRecognizer */,
				FCDBE2232BD3B2C800E00301 /* SwiftSpeechRecognizerDependency */,
				FCDBE2262BD3B2D400E00301 /* OpenAIKit */,
				FCDBE2362BD3B4DF00E00301 /* GoogleGenerativeAI */,
			);
			productName = Garden_Of_Memory;
			productReference = 3B99F01D2BB43A4900322E0E /* Garden_Of_Memory.app */;
			productType = "com.apple.product-type.application";
		};
/* End PBXNativeTarget section */

/* Begin PBXProject section */
		3B99F0152BB43A4900322E0E /* Project object */ = {
			isa = PBXProject;
			attributes = {
				BuildIndependentTargetsInParallel = 1;
				LastSwiftUpdateCheck = 1530;
				LastUpgradeCheck = 1530;
				TargetAttributes = {
					3B99F01C2BB43A4900322E0E = {
						CreatedOnToolsVersion = 15.3;
					};
				};
			};
			buildConfigurationList = 3B99F0182BB43A4900322E0E /* Build configuration list for PBXProject "Garden_Of_Memory" */;
			compatibilityVersion = "Xcode 14.0";
			developmentRegion = en;
			hasScannedForEncodings = 0;
			knownRegions = (
				en,
				Base,
			);
			mainGroup = 3B99F0142BB43A4900322E0E;
			packageReferences = (
				FCDBE21E2BD3B2C800E00301 /* XCRemoteSwiftPackageReference "swift-speech-recognizer" */,
				FCDBE2252BD3B2D400E00301 /* XCRemoteSwiftPackageReference "OpenAIKit" */,
				FCDBE2352BD3B4DF00E00301 /* XCRemoteSwiftPackageReference "generative-ai-swift" */,
			);
			productRefGroup = 3B99F01E2BB43A4900322E0E /* Products */;
			projectDirPath = "";
			projectRoot = "";
			targets = (
				3B99F01C2BB43A4900322E0E /* Garden_Of_Memory */,
			);
		};
/* End PBXProject section */

/* Begin PBXResourcesBuildPhase section */
		3B99F01B2BB43A4900322E0E /* Resources */ = {
			isa = PBXResourcesBuildPhase;
			buildActionMask = 2147483647;
			files = (
				3B99F02D2BB43A4B00322E0E /* Assets.xcassets in Resources */,
				3B30D1752BE0E92E00A030C0 /* DiarySoundEffect.wav in Resources */,
				3B99F0302BB43A4B00322E0E /* Preview Assets.xcassets in Resources */,
				FCDBE2332BD3B39300E00301 /* GenerativeAI-Info.plist in Resources */,
				3B99F02B2BB43A4900322E0E /* ImageBasedLighting.skybox in Resources */,
				FCDBE2342BD3B39300E00301 /* OpenAI-Info.plist in Resources */,
			);
			runOnlyForDeploymentPostprocessing = 0;
		};
/* End PBXResourcesBuildPhase section */

/* Begin PBXSourcesBuildPhase section */
		3B99F0192BB43A4900322E0E /* Sources */ = {
			isa = PBXSourcesBuildPhase;
			buildActionMask = 2147483647;
			files = (
				FC33B0BD2BBB8B66002D4DF8 /* ChatEntry.swift in Sources */,
				FC33B0BF2BBB8F47002D4DF8 /* ListConversationView.swift in Sources */,
				FCDE671B2BD3D9B300AB2492 /* prompt.swift in Sources */,
				FCDBE22B2BD3B35A00E00301 /* SpeechRecognizerViewModel.swift in Sources */,
				3B57A7D92BD75D4800ABAEFD /* ImmersiveDiaryView.swift in Sources */,
				FC6ED9A32BC792E1006B2363 /* CatImmersiveView.swift in Sources */,
				65E4F98D2BC6B32E00CECC11 /* OpenAIService.swift in Sources */,
				FCDBE2292BD3B30600E00301 /* SimpleSpeechRecognizer.swift in Sources */,
				65E4F98F2BC6B66500CECC11 /* Secrets.swift in Sources */,
				6593EF762BC6625E00CF644C /* SpeechRecognizer.swift in Sources */,
				657E31C62BE9F4D90000E6A6 /* ConversationTagsRetrieval.swift in Sources */,
				657E31C42BE9E8440000E6A6 /* EmotionScaleRetrieval.swift in Sources */,
				65E4F9932BC72EAF00CECC11 /* GlobalVariables.swift in Sources */,
				0D54D1592BC567B100B84E78 /* WaterView.swift in Sources */,
				3B57A7DB2BD75D5B00ABAEFD /* TerrariumView.swift in Sources */,
				0D9A6AB52BD6359500CC6BF3 /* TerrariumObjectView.swift in Sources */,
				3B99F0272BB43A4900322E0E /* ContentView.swift in Sources */,
				FCDBE22D2BD3B38000E00301 /* ViewModel.swift in Sources */,
				FC33B0C32BBB90A8002D4DF8 /* TestInsertDummyView.swift in Sources */,
				FC33B0C52BBB9863002D4DF8 /* PreviewContainer.swift in Sources */,
				FCDBE2322BD3B39300E00301 /* APIKey.swift in Sources */,
				FC33B0C12BBB8FBC002D4DF8 /* ConversationView.swift in Sources */,
				0D20A0292BC6CA9D00899274 /* ImmersiveTerrariumView.swift in Sources */,
				3B99F0252BB43A4900322E0E /* Garden_Of_MemoryApp.swift in Sources */,
				FC33B0B82BBB8977002D4DF8 /* Avatar.swift in Sources */,
				6593EF782BC663FE00CF644C /* ConversationManager.swift in Sources */,
			);
			runOnlyForDeploymentPostprocessing = 0;
		};
/* End PBXSourcesBuildPhase section */

/* Begin XCBuildConfiguration section */
		3B99F0322BB43A4B00322E0E /* Debug */ = {
			isa = XCBuildConfiguration;
			buildSettings = {
				ALWAYS_SEARCH_USER_PATHS = NO;
				ASSETCATALOG_COMPILER_GENERATE_SWIFT_ASSET_SYMBOL_EXTENSIONS = YES;
				CLANG_ANALYZER_NONNULL = YES;
				CLANG_ANALYZER_NUMBER_OBJECT_CONVERSION = YES_AGGRESSIVE;
				CLANG_CXX_LANGUAGE_STANDARD = "gnu++20";
				CLANG_ENABLE_MODULES = YES;
				CLANG_ENABLE_OBJC_ARC = YES;
				CLANG_ENABLE_OBJC_WEAK = YES;
				CLANG_WARN_BLOCK_CAPTURE_AUTORELEASING = YES;
				CLANG_WARN_BOOL_CONVERSION = YES;
				CLANG_WARN_COMMA = YES;
				CLANG_WARN_CONSTANT_CONVERSION = YES;
				CLANG_WARN_DEPRECATED_OBJC_IMPLEMENTATIONS = YES;
				CLANG_WARN_DIRECT_OBJC_ISA_USAGE = YES_ERROR;
				CLANG_WARN_DOCUMENTATION_COMMENTS = YES;
				CLANG_WARN_EMPTY_BODY = YES;
				CLANG_WARN_ENUM_CONVERSION = YES;
				CLANG_WARN_INFINITE_RECURSION = YES;
				CLANG_WARN_INT_CONVERSION = YES;
				CLANG_WARN_NON_LITERAL_NULL_CONVERSION = YES;
				CLANG_WARN_OBJC_IMPLICIT_RETAIN_SELF = YES;
				CLANG_WARN_OBJC_LITERAL_CONVERSION = YES;
				CLANG_WARN_OBJC_ROOT_CLASS = YES_ERROR;
				CLANG_WARN_QUOTED_INCLUDE_IN_FRAMEWORK_HEADER = YES;
				CLANG_WARN_RANGE_LOOP_ANALYSIS = YES;
				CLANG_WARN_STRICT_PROTOTYPES = YES;
				CLANG_WARN_SUSPICIOUS_MOVE = YES;
				CLANG_WARN_UNGUARDED_AVAILABILITY = YES_AGGRESSIVE;
				CLANG_WARN_UNREACHABLE_CODE = YES;
				CLANG_WARN__DUPLICATE_METHOD_MATCH = YES;
				COPY_PHASE_STRIP = NO;
				DEBUG_INFORMATION_FORMAT = dwarf;
				ENABLE_STRICT_OBJC_MSGSEND = YES;
				ENABLE_TESTABILITY = YES;
				ENABLE_USER_SCRIPT_SANDBOXING = YES;
				GCC_C_LANGUAGE_STANDARD = gnu17;
				GCC_DYNAMIC_NO_PIC = NO;
				GCC_NO_COMMON_BLOCKS = YES;
				GCC_OPTIMIZATION_LEVEL = 0;
				GCC_PREPROCESSOR_DEFINITIONS = (
					"DEBUG=1",
					"$(inherited)",
				);
				GCC_WARN_64_TO_32_BIT_CONVERSION = YES;
				GCC_WARN_ABOUT_RETURN_TYPE = YES_ERROR;
				GCC_WARN_UNDECLARED_SELECTOR = YES;
				GCC_WARN_UNINITIALIZED_AUTOS = YES_AGGRESSIVE;
				GCC_WARN_UNUSED_FUNCTION = YES;
				GCC_WARN_UNUSED_VARIABLE = YES;
				LOCALIZATION_PREFERS_STRING_CATALOGS = YES;
				MTL_ENABLE_DEBUG_INFO = INCLUDE_SOURCE;
				MTL_FAST_MATH = YES;
				ONLY_ACTIVE_ARCH = YES;
				SDKROOT = xros;
				SWIFT_ACTIVE_COMPILATION_CONDITIONS = "DEBUG $(inherited)";
				SWIFT_OPTIMIZATION_LEVEL = "-Onone";
				XROS_DEPLOYMENT_TARGET = 1.1;
			};
			name = Debug;
		};
		3B99F0332BB43A4B00322E0E /* Release */ = {
			isa = XCBuildConfiguration;
			buildSettings = {
				ALWAYS_SEARCH_USER_PATHS = NO;
				ASSETCATALOG_COMPILER_GENERATE_SWIFT_ASSET_SYMBOL_EXTENSIONS = YES;
				CLANG_ANALYZER_NONNULL = YES;
				CLANG_ANALYZER_NUMBER_OBJECT_CONVERSION = YES_AGGRESSIVE;
				CLANG_CXX_LANGUAGE_STANDARD = "gnu++20";
				CLANG_ENABLE_MODULES = YES;
				CLANG_ENABLE_OBJC_ARC = YES;
				CLANG_ENABLE_OBJC_WEAK = YES;
				CLANG_WARN_BLOCK_CAPTURE_AUTORELEASING = YES;
				CLANG_WARN_BOOL_CONVERSION = YES;
				CLANG_WARN_COMMA = YES;
				CLANG_WARN_CONSTANT_CONVERSION = YES;
				CLANG_WARN_DEPRECATED_OBJC_IMPLEMENTATIONS = YES;
				CLANG_WARN_DIRECT_OBJC_ISA_USAGE = YES_ERROR;
				CLANG_WARN_DOCUMENTATION_COMMENTS = YES;
				CLANG_WARN_EMPTY_BODY = YES;
				CLANG_WARN_ENUM_CONVERSION = YES;
				CLANG_WARN_INFINITE_RECURSION = YES;
				CLANG_WARN_INT_CONVERSION = YES;
				CLANG_WARN_NON_LITERAL_NULL_CONVERSION = YES;
				CLANG_WARN_OBJC_IMPLICIT_RETAIN_SELF = YES;
				CLANG_WARN_OBJC_LITERAL_CONVERSION = YES;
				CLANG_WARN_OBJC_ROOT_CLASS = YES_ERROR;
				CLANG_WARN_QUOTED_INCLUDE_IN_FRAMEWORK_HEADER = YES;
				CLANG_WARN_RANGE_LOOP_ANALYSIS = YES;
				CLANG_WARN_STRICT_PROTOTYPES = YES;
				CLANG_WARN_SUSPICIOUS_MOVE = YES;
				CLANG_WARN_UNGUARDED_AVAILABILITY = YES_AGGRESSIVE;
				CLANG_WARN_UNREACHABLE_CODE = YES;
				CLANG_WARN__DUPLICATE_METHOD_MATCH = YES;
				COPY_PHASE_STRIP = NO;
				DEBUG_INFORMATION_FORMAT = "dwarf-with-dsym";
				ENABLE_NS_ASSERTIONS = NO;
				ENABLE_STRICT_OBJC_MSGSEND = YES;
				ENABLE_USER_SCRIPT_SANDBOXING = YES;
				GCC_C_LANGUAGE_STANDARD = gnu17;
				GCC_NO_COMMON_BLOCKS = YES;
				GCC_WARN_64_TO_32_BIT_CONVERSION = YES;
				GCC_WARN_ABOUT_RETURN_TYPE = YES_ERROR;
				GCC_WARN_UNDECLARED_SELECTOR = YES;
				GCC_WARN_UNINITIALIZED_AUTOS = YES_AGGRESSIVE;
				GCC_WARN_UNUSED_FUNCTION = YES;
				GCC_WARN_UNUSED_VARIABLE = YES;
				LOCALIZATION_PREFERS_STRING_CATALOGS = YES;
				MTL_ENABLE_DEBUG_INFO = NO;
				MTL_FAST_MATH = YES;
				SDKROOT = xros;
				SWIFT_COMPILATION_MODE = wholemodule;
				VALIDATE_PRODUCT = YES;
				XROS_DEPLOYMENT_TARGET = 1.1;
			};
			name = Release;
		};
		3B99F0352BB43A4B00322E0E /* Debug */ = {
			isa = XCBuildConfiguration;
			buildSettings = {
				ASSETCATALOG_COMPILER_APPICON_NAME = AppIcon;
				ASSETCATALOG_COMPILER_GLOBAL_ACCENT_COLOR_NAME = AccentColor;
				CODE_SIGN_STYLE = Automatic;
				CURRENT_PROJECT_VERSION = 1;
				DEVELOPMENT_ASSET_PATHS = "\"Garden_Of_Memory/Preview Content\"";
				DEVELOPMENT_TEAM = 268K47U323;
				ENABLE_PREVIEWS = YES;
				GENERATE_INFOPLIST_FILE = YES;
				INFOPLIST_FILE = "$(TARGET_NAME)/Info.plist";
				INFOPLIST_KEY_NSMicrophoneUsageDescription = "We need access to the microphone to enable speech recognition.";
				INFOPLIST_KEY_NSSpeechRecognitionUsageDescription = "So we can process your conversation in real-time.";
				LD_RUNPATH_SEARCH_PATHS = (
					"$(inherited)",
					"@executable_path/Frameworks",
				);
				MARKETING_VERSION = 1.0;
				PRODUCT_BUNDLE_IDENTIFIER = DenniUm;
				PRODUCT_NAME = "$(TARGET_NAME)";
				SUPPORTED_PLATFORMS = "xros xrsimulator";
				SWIFT_EMIT_LOC_STRINGS = YES;
				SWIFT_VERSION = 5.0;
				TARGETED_DEVICE_FAMILY = "1,2,7";
			};
			name = Debug;
		};
		3B99F0362BB43A4B00322E0E /* Release */ = {
			isa = XCBuildConfiguration;
			buildSettings = {
				ASSETCATALOG_COMPILER_APPICON_NAME = AppIcon;
				ASSETCATALOG_COMPILER_GLOBAL_ACCENT_COLOR_NAME = AccentColor;
				CODE_SIGN_STYLE = Automatic;
				CURRENT_PROJECT_VERSION = 1;
				DEVELOPMENT_ASSET_PATHS = "\"Garden_Of_Memory/Preview Content\"";
				DEVELOPMENT_TEAM = 268K47U323;
				ENABLE_PREVIEWS = YES;
				GENERATE_INFOPLIST_FILE = YES;
				INFOPLIST_FILE = "$(TARGET_NAME)/Info.plist";
				INFOPLIST_KEY_NSMicrophoneUsageDescription = "We need access to the microphone to enable speech recognition.";
				INFOPLIST_KEY_NSSpeechRecognitionUsageDescription = "So we can process your conversation in real-time.";
				LD_RUNPATH_SEARCH_PATHS = (
					"$(inherited)",
					"@executable_path/Frameworks",
				);
				MARKETING_VERSION = 1.0;
				PRODUCT_BUNDLE_IDENTIFIER = DenniUm;
				PRODUCT_NAME = "$(TARGET_NAME)";
				SUPPORTED_PLATFORMS = "xros xrsimulator";
				SWIFT_EMIT_LOC_STRINGS = YES;
				SWIFT_VERSION = 5.0;
				TARGETED_DEVICE_FAMILY = "1,2,7";
			};
			name = Release;
		};
/* End XCBuildConfiguration section */

/* Begin XCConfigurationList section */
		3B99F0182BB43A4900322E0E /* Build configuration list for PBXProject "Garden_Of_Memory" */ = {
			isa = XCConfigurationList;
			buildConfigurations = (
				3B99F0322BB43A4B00322E0E /* Debug */,
				3B99F0332BB43A4B00322E0E /* Release */,
			);
			defaultConfigurationIsVisible = 0;
			defaultConfigurationName = Release;
		};
		3B99F0342BB43A4B00322E0E /* Build configuration list for PBXNativeTarget "Garden_Of_Memory" */ = {
			isa = XCConfigurationList;
			buildConfigurations = (
				3B99F0352BB43A4B00322E0E /* Debug */,
				3B99F0362BB43A4B00322E0E /* Release */,
			);
			defaultConfigurationIsVisible = 0;
			defaultConfigurationName = Release;
		};
/* End XCConfigurationList section */

/* Begin XCRemoteSwiftPackageReference section */
		FCDBE21E2BD3B2C800E00301 /* XCRemoteSwiftPackageReference "swift-speech-recognizer" */ = {
			isa = XCRemoteSwiftPackageReference;
			repositoryURL = "https://github.com/renaudjenny/swift-speech-recognizer";
			requirement = {
				kind = upToNextMajorVersion;
				minimumVersion = 1.0.0;
			};
		};
		FCDBE2252BD3B2D400E00301 /* XCRemoteSwiftPackageReference "OpenAIKit" */ = {
			isa = XCRemoteSwiftPackageReference;
			repositoryURL = "https://github.com/OpenDive/OpenAIKit.git";
			requirement = {
				kind = upToNextMajorVersion;
				minimumVersion = 2.0.1;
			};
		};
		FCDBE2352BD3B4DF00E00301 /* XCRemoteSwiftPackageReference "generative-ai-swift" */ = {
			isa = XCRemoteSwiftPackageReference;
			repositoryURL = "https://github.com/google/generative-ai-swift";
			requirement = {
				kind = upToNextMajorVersion;
				minimumVersion = 0.4.11;
			};
		};
/* End XCRemoteSwiftPackageReference section */

/* Begin XCSwiftPackageProductDependency section */
		3B99F0222BB43A4900322E0E /* RealityKitContent */ = {
			isa = XCSwiftPackageProductDependency;
			productName = RealityKitContent;
		};
		FCDBE21F2BD3B2C800E00301 /* SwiftSpeechCombine */ = {
			isa = XCSwiftPackageProductDependency;
			package = FCDBE21E2BD3B2C800E00301 /* XCRemoteSwiftPackageReference "swift-speech-recognizer" */;
			productName = SwiftSpeechCombine;
		};
		FCDBE2212BD3B2C800E00301 /* SwiftSpeechRecognizer */ = {
			isa = XCSwiftPackageProductDependency;
			package = FCDBE21E2BD3B2C800E00301 /* XCRemoteSwiftPackageReference "swift-speech-recognizer" */;
			productName = SwiftSpeechRecognizer;
		};
		FCDBE2232BD3B2C800E00301 /* SwiftSpeechRecognizerDependency */ = {
			isa = XCSwiftPackageProductDependency;
			package = FCDBE21E2BD3B2C800E00301 /* XCRemoteSwiftPackageReference "swift-speech-recognizer" */;
			productName = SwiftSpeechRecognizerDependency;
		};
		FCDBE2262BD3B2D400E00301 /* OpenAIKit */ = {
			isa = XCSwiftPackageProductDependency;
			package = FCDBE2252BD3B2D400E00301 /* XCRemoteSwiftPackageReference "OpenAIKit" */;
			productName = OpenAIKit;
		};
		FCDBE2362BD3B4DF00E00301 /* GoogleGenerativeAI */ = {
			isa = XCSwiftPackageProductDependency;
			package = FCDBE2352BD3B4DF00E00301 /* XCRemoteSwiftPackageReference "generative-ai-swift" */;
			productName = GoogleGenerativeAI;
		};
/* End XCSwiftPackageProductDependency section */
	};
	rootObject = 3B99F0152BB43A4900322E0E /* Project object */;
}
